<?xml version="1.0" encoding="utf-8"?>
<Project xmlns="http://schemas.microsoft.com/developer/msbuild/2003">
  <ItemGroup>
    <Filter Include="Form Files">
      <UniqueIdentifier>{99349809-55BA-4b9d-BF79-8FDBB0286EB3}</UniqueIdentifier>
      <Extensions>ui</Extensions>
      <ParseFiles>false</ParseFiles>
    </Filter>
    <Filter Include="Form Files">
      <UniqueIdentifier>{99349809-55BA-4b9d-BF79-8FDBB0286EB3}</UniqueIdentifier>
      <Extensions>ui</Extensions>
      <ParseFiles>false</ParseFiles>
    </Filter>
    <Filter Include="Generated Files">
      <UniqueIdentifier>{71ED8ED8-ACB9-4CE9-BBE1-E00B30144E11}</UniqueIdentifier>
      <Extensions>cpp;c;cxx;moc;h;def;odl;idl;res;</Extensions>
    </Filter>
    <Filter Include="Generated Files">
      <UniqueIdentifier>{71ED8ED8-ACB9-4CE9-BBE1-E00B30144E11}</UniqueIdentifier>
      <Extensions>cpp;c;cxx;moc;h;def;odl;idl;res;</Extensions>
    </Filter>
    <Filter Include="Header Files">
      <UniqueIdentifier>{93995380-89BD-4b04-88EB-625FBE52EBFB}</UniqueIdentifier>
      <Extensions>h;hpp;hxx;hm;inl;inc;xsd</Extensions>
    </Filter>
    <Filter Include="Header Files">
      <UniqueIdentifier>{93995380-89BD-4b04-88EB-625FBE52EBFB}</UniqueIdentifier>
      <Extensions>h;hpp;hxx;hm;inl;inc;xsd</Extensions>
    </Filter>
    <Filter Include="Source Files">
      <UniqueIdentifier>{4FC737F1-C7A5-4376-A066-2A32D752A2FF}</UniqueIdentifier>
      <Extensions>cpp;c;cxx;def;odl;idl;hpj;bat;asm;asmx</Extensions>
    </Filter>
    <Filter Include="Source Files">
      <UniqueIdentifier>{4FC737F1-C7A5-4376-A066-2A32D752A2FF}</UniqueIdentifier>
      <Extensions>cpp;c;cxx;def;odl;idl;hpj;bat;asm;asmx</Extensions>
    </Filter>
  </ItemGroup>
  <ItemGroup>
    <ClCompile Include="FindTree.cpp">
      <Filter>Source Files</Filter>
    </ClCompile>
    <ClCompile Include="ITree.cpp">
      <Filter>Source Files</Filter>
    </ClCompile>
    <ClCompile Include="RedBlackTree.cpp">
      <Filter>Source Files</Filter>
    </ClCompile>
    <ClCompile Include="avl_tree.cpp">
      <Filter>Source Files</Filter>
    </ClCompile>
    <ClCompile Include="dialogeditadd.cpp">
      <Filter>Source Files</Filter>
    </ClCompile>
    <ClCompile Include="dialogerror.cpp">
      <Filter>Source Files</Filter>
    </ClCompile>
    <ClCompile Include="dialogsetrange.cpp">
      <Filter>Source Files</Filter>
    </ClCompile>
    <ClCompile Include="displayavltree.cpp">
      <Filter>Source Files</Filter>
    </ClCompile>
    <ClCompile Include="displayfindtree.cpp">
      <Filter>Source Files</Filter>
    </ClCompile>
    <ClCompile Include="displayredblacktree.cpp">
      <Filter>Source Files</Filter>
    </ClCompile>
    <ClCompile Include="displaytwotreetree.cpp">
      <Filter>Source Files</Filter>
    </ClCompile>
    <ClCompile Include="graphicellipsecustom.cpp">
      <Filter>Source Files</Filter>
    </ClCompile>
    <ClCompile Include="graphviewcustom.cpp">
      <Filter>Source Files</Filter>
    </ClCompile>
    <ClCompile Include="main.cpp">
      <Filter>Source Files</Filter>
    </ClCompile>
    <ClCompile Include="mainwindow.cpp">
      <Filter>Source Files</Filter>
    </ClCompile>
  </ItemGroup>
  <ItemGroup>
    <ClInclude Include="CNode.h">
      <Filter>Header Files</Filter>
    </ClInclude>
    <ClInclude Include="CTree.h">
      <Filter>Header Files</Filter>
    </ClInclude>
    <ClInclude Include="CTreeError.h">
      <Filter>Header Files</Filter>
    </ClInclude>
    <ClInclude Include="FindTree.h">
      <Filter>Header Files</Filter>
    </ClInclude>
    <ClInclude Include="ITree.h">
      <Filter>Header Files</Filter>
    </ClInclude>
    <ClInclude Include="RedBlackTree.h">
      <Filter>Header Files</Filter>
    </ClInclude>
    <ClInclude Include="TypeShowAvlTree.h">
      <Filter>Header Files</Filter>
    </ClInclude>
    <ClInclude Include="avl_tree.h">
      <Filter>Header Files</Filter>
    </ClInclude>
    <QtMoc Include="dialogeditadd.h">
      <Filter>Header Files</Filter>
    </QtMoc>
    <QtMoc Include="dialogerror.h">
      <Filter>Header Files</Filter>
    </QtMoc>
    <QtMoc Include="dialogsetrange.h">
      <Filter>Header Files</Filter>
    </QtMoc>
    <QtMoc Include="displayavltree.h">
      <Filter>Header Files</Filter>
    </QtMoc>
    <QtMoc Include="displayfindtree.h">
      <Filter>Header Files</Filter>
    </QtMoc>
    <QtMoc Include="displayredblacktree.h">
      <Filter>Header Files</Filter>
    </QtMoc>
    <QtMoc Include="displaytwotreetree.h">
      <Filter>Header Files</Filter>
    </QtMoc>
    <QtMoc Include="graphicellipsecustom.h">
      <Filter>Header Files</Filter>
    </QtMoc>
    <QtMoc Include="graphviewcustom.h">
      <Filter>Header Files</Filter>
    </QtMoc>
    <QtMoc Include="mainwindow.h">
      <Filter>Header Files</Filter>
    </QtMoc>
  </ItemGroup>
  <ItemGroup>
    
    
    
    
    
    
    
    
    
    
    
    
    
    
    
    
    
    
    
    
    <CustomBuild Include="debug\moc_predefs.h.cbt">
      <Filter>Generated Files</Filter>
    </CustomBuild>
    <CustomBuild Include="release\moc_predefs.h.cbt">
      <Filter>Generated Files</Filter>
    </CustomBuild>
    
    
    
  </ItemGroup>
  <ItemGroup>
    <QtUic Include="dialogeditadd.ui">
      <Filter>Form Files</Filter>
    </QtUic>
    <QtUic Include="dialogerror.ui">
      <Filter>Form Files</Filter>
    </QtUic>
    <QtUic Include="dialogsetrange.ui">
      <Filter>Form Files</Filter>
    </QtUic>
  </ItemGroup>
</Project>